
Microsoft Visual Studio Solution File, Format Version 12.00
# Visual Studio Version 16
VisualStudioVersion = 16.0.32228.343
MinimumVisualStudioVersion = 10.0.40219.1
Project("{FAE04EC0-301F-11D3-BF4B-00C04F79EFBC}") = "SampleProjectLeave", "SampleProjectLeave\SampleProjectLeave.csproj", "{CBB63615-7F21-4E8E-87E7-BD6949226105}"
EndProject
Global
	GlobalSection(SolutionConfigurationPlatforms) = preSolution
		Debug|Any CPU = Debug|Any CPU
		Release|Any CPU = Release|Any CPU
	EndGlobalSection
	GlobalSection(ProjectConfigurationPlatforms) = postSolution
		{CBB63615-7F21-4E8E-87E7-BD6949226105}.Debug|Any CPU.ActiveCfg = Debug|Any CPU
		{CBB63615-7F21-4E8E-87E7-BD6949226105}.Debug|Any CPU.Build.0 = Debug|Any CPU
		{CBB63615-7F21-4E8E-87E7-BD6949226105}.Release|Any CPU.ActiveCfg = Release|Any CPU
		{CBB63615-7F21-4E8E-87E7-BD6949226105}.Release|Any CPU.Build.0 = Release|Any CPU
	EndGlobalSection
	GlobalSection(SolutionProperties) = preSolution
		HideSolutionNode = FALSE
	EndGlobalSection
	GlobalSection(ExtensibilityGlobals) = postSolution
		SolutionGuid = {2938503B-3402-4450-A6C2-2EA179F3057E}
	EndGlobalSection
EndGlobal
